
Microsoft Visual Studio Solution File, Format Version 12.00
# Visual Studio Version 16
VisualStudioVersion = 16.0.32126.315
MinimumVisualStudioVersion = 10.0.40219.1
Project("{8BC9CEB8-8B4A-11D0-8D11-00A0C91BC942}") = "Yandex-trainee-test", "Yandex-trainee-test.vcxproj", "{B7E7D4F0-CC1A-4AF9-93E1-648A67FA4EC0}"
EndProject
Global
	GlobalSection(SolutionConfigurationPlatforms) = preSolution
		Debug|x64 = Debug|x64
		Debug|x86 = Debug|x86
		Release|x64 = Release|x64
		Release|x86 = Release|x86
	EndGlobalSection
	GlobalSection(ProjectConfigurationPlatforms) = postSolution
		{B7E7D4F0-CC1A-4AF9-93E1-648A67FA4EC0}.Debug|x64.ActiveCfg = Debug|x64
		{B7E7D4F0-CC1A-4AF9-93E1-648A67FA4EC0}.Debug|x64.Build.0 = Debug|x64
		{B7E7D4F0-CC1A-4AF9-93E1-648A67FA4EC0}.Debug|x86.ActiveCfg = Debug|Win32
		{B7E7D4F0-CC1A-4AF9-93E1-648A67FA4EC0}.Debug|x86.Build.0 = Debug|Win32
		{B7E7D4F0-CC1A-4AF9-93E1-648A67FA4EC0}.Release|x64.ActiveCfg = Release|x64
		{B7E7D4F0-CC1A-4AF9-93E1-648A67FA4EC0}.Release|x64.Build.0 = Release|x64
		{B7E7D4F0-CC1A-4AF9-93E1-648A67FA4EC0}.Release|x86.ActiveCfg = Release|Win32
		{B7E7D4F0-CC1A-4AF9-93E1-648A67FA4EC0}.Release|x86.Build.0 = Release|Win32
	EndGlobalSection
	GlobalSection(SolutionProperties) = preSolution
		HideSolutionNode = FALSE
	EndGlobalSection
	GlobalSection(ExtensibilityGlobals) = postSolution
		SolutionGuid = {2E3A2050-1E9A-4C26-8A13-CAE77FAEA974}
	EndGlobalSection
EndGlobal
